// !$*UTF8*$!
{
	archiveVersion = 1;
	classes = {
	};
	objectVersion = 56;
	objects = {

/* Begin PBXBuildFile section */
		8E60CC3E2CB5035F00FFD74F /* MainScreen.swift in Sources */ = {isa = PBXBuildFile; fileRef = 8E60CC3D2CB5035F00FFD74F /* MainScreen.swift */; };
		8E60CC412CB51CC000FFD74F /* SwiftSVG in Frameworks */ = {isa = PBXBuildFile; productRef = 8E60CC402CB51CC000FFD74F /* SwiftSVG */; };
		8E60CC432CB520A200FFD74F /* ExampleWeatherApp.swift in Sources */ = {isa = PBXBuildFile; fileRef = 8E60CC422CB520A200FFD74F /* ExampleWeatherApp.swift */; };
		8E69EC8D2CA1C757007AC1F9 /* Assets.xcassets in Resources */ = {isa = PBXBuildFile; fileRef = 8E69EC8C2CA1C757007AC1F9 /* Assets.xcassets */; };
<<<<<<< Updated upstream
		8E69EC902CA1C757007AC1F9 /* LaunchScreen.storyboard in Resources */ = {isa = PBXBuildFile; fileRef = 8E69EC8E2CA1C757007AC1F9 /* LaunchScreen.storyboard */; };
=======
>>>>>>> Stashed changes
		8E69EC9C2CA1CE18007AC1F9 /* WeatherResponse.swift in Sources */ = {isa = PBXBuildFile; fileRef = 8E69EC9B2CA1CE18007AC1F9 /* WeatherResponse.swift */; };
/* End PBXBuildFile section */

/* Begin PBXFileReference section */
		8E60CC3D2CB5035F00FFD74F /* MainScreen.swift */ = {isa = PBXFileReference; lastKnownFileType = sourcecode.swift; path = MainScreen.swift; sourceTree = "<group>"; };
		8E60CC422CB520A200FFD74F /* ExampleWeatherApp.swift */ = {isa = PBXFileReference; lastKnownFileType = sourcecode.swift; path = ExampleWeatherApp.swift; sourceTree = "<group>"; };
		8E69EC802CA1C756007AC1F9 /* ExampleWeatherApp.app */ = {isa = PBXFileReference; explicitFileType = wrapper.application; includeInIndex = 0; path = ExampleWeatherApp.app; sourceTree = BUILT_PRODUCTS_DIR; };
		8E69EC8C2CA1C757007AC1F9 /* Assets.xcassets */ = {isa = PBXFileReference; lastKnownFileType = folder.assetcatalog; path = Assets.xcassets; sourceTree = "<group>"; };
		8E69EC912CA1C757007AC1F9 /* Info.plist */ = {isa = PBXFileReference; lastKnownFileType = text.plist.xml; path = Info.plist; sourceTree = "<group>"; };
		8E69EC9B2CA1CE18007AC1F9 /* WeatherResponse.swift */ = {isa = PBXFileReference; lastKnownFileType = sourcecode.swift; path = WeatherResponse.swift; sourceTree = "<group>"; };
/* End PBXFileReference section */

/* Begin PBXFrameworksBuildPhase section */
		8E69EC7D2CA1C756007AC1F9 /* Frameworks */ = {
			isa = PBXFrameworksBuildPhase;
			buildActionMask = 2147483647;
			files = (
				8E60CC412CB51CC000FFD74F /* SwiftSVG in Frameworks */,
			);
			runOnlyForDeploymentPostprocessing = 0;
		};
/* End PBXFrameworksBuildPhase section */

/* Begin PBXGroup section */
		8E60CC3C2CB5034900FFD74F /* UI */ = {
			isa = PBXGroup;
			children = (
				8E60CC3D2CB5035F00FFD74F /* MainScreen.swift */,
			);
			path = UI;
			sourceTree = "<group>";
		};
		8E69EC772CA1C756007AC1F9 = {
			isa = PBXGroup;
			children = (
				8E69EC822CA1C756007AC1F9 /* ExampleWeatherApp */,
				8E69EC812CA1C756007AC1F9 /* Products */,
			);
			sourceTree = "<group>";
		};
		8E69EC812CA1C756007AC1F9 /* Products */ = {
			isa = PBXGroup;
			children = (
				8E69EC802CA1C756007AC1F9 /* ExampleWeatherApp.app */,
			);
			name = Products;
			sourceTree = "<group>";
		};
		8E69EC822CA1C756007AC1F9 /* ExampleWeatherApp */ = {
			isa = PBXGroup;
			children = (
<<<<<<< Updated upstream
				8E69ECA32CA1D219007AC1F9 /* Repository */,
				8E69EC9E2CA1CF95007AC1F9 /* View */,
				8E69ECA02CA1CFCA007AC1F9 /* ViewContoller */,
				8E69ECA22CA1CFFB007AC1F9 /* Response */,
				8E69EC832CA1C756007AC1F9 /* AppDelegate.swift */,
				8E69EC852CA1C756007AC1F9 /* SceneDelegate.swift */,
=======
				8E60CC3C2CB5034900FFD74F /* UI */,
				8E69ECA32CA1D219007AC1F9 /* Repository */,
				8E69ECA22CA1CFFB007AC1F9 /* Response */,
>>>>>>> Stashed changes
				8E69EC8C2CA1C757007AC1F9 /* Assets.xcassets */,
				8E69EC912CA1C757007AC1F9 /* Info.plist */,
				8E60CC422CB520A200FFD74F /* ExampleWeatherApp.swift */,
			);
			path = ExampleWeatherApp;
			sourceTree = "<group>";
		};
<<<<<<< Updated upstream
		8E69EC9E2CA1CF95007AC1F9 /* View */ = {
			isa = PBXGroup;
			children = (
				8E69EC892CA1C756007AC1F9 /* Main.storyboard */,
			);
			path = View;
			sourceTree = "<group>";
		};
		8E69ECA02CA1CFCA007AC1F9 /* ViewContoller */ = {
			isa = PBXGroup;
			children = (
				8E69EC872CA1C756007AC1F9 /* ViewController.swift */,
			);
			path = ViewContoller;
			sourceTree = "<group>";
		};
=======
>>>>>>> Stashed changes
		8E69ECA22CA1CFFB007AC1F9 /* Response */ = {
			isa = PBXGroup;
			children = (
				8E69EC9B2CA1CE18007AC1F9 /* WeatherResponse.swift */,
			);
			path = Response;
			sourceTree = "<group>";
		};
		8E69ECA32CA1D219007AC1F9 /* Repository */ = {
			isa = PBXGroup;
			children = (
			);
			path = Repository;
			sourceTree = "<group>";
		};
/* End PBXGroup section */

/* Begin PBXNativeTarget section */
		8E69EC7F2CA1C756007AC1F9 /* ExampleWeatherApp */ = {
			isa = PBXNativeTarget;
			buildConfigurationList = 8E69EC942CA1C757007AC1F9 /* Build configuration list for PBXNativeTarget "ExampleWeatherApp" */;
			buildPhases = (
				8E69EC7C2CA1C756007AC1F9 /* Sources */,
				8E69EC7D2CA1C756007AC1F9 /* Frameworks */,
				8E69EC7E2CA1C756007AC1F9 /* Resources */,
			);
			buildRules = (
			);
			dependencies = (
			);
			name = ExampleWeatherApp;
			packageProductDependencies = (
				8E60CC402CB51CC000FFD74F /* SwiftSVG */,
			);
			productName = ExampleWeatherApp;
			productReference = 8E69EC802CA1C756007AC1F9 /* ExampleWeatherApp.app */;
			productType = "com.apple.product-type.application";
		};
/* End PBXNativeTarget section */

/* Begin PBXProject section */
		8E69EC782CA1C756007AC1F9 /* Project object */ = {
			isa = PBXProject;
			attributes = {
				BuildIndependentTargetsInParallel = 1;
				LastSwiftUpdateCheck = 1500;
				LastUpgradeCheck = 1500;
				TargetAttributes = {
					8E69EC7F2CA1C756007AC1F9 = {
						CreatedOnToolsVersion = 15.0;
					};
				};
			};
			buildConfigurationList = 8E69EC7B2CA1C756007AC1F9 /* Build configuration list for PBXProject "ExampleWeatherApp" */;
			compatibilityVersion = "Xcode 14.0";
			developmentRegion = en;
			hasScannedForEncodings = 0;
			knownRegions = (
				en,
				Base,
			);
			mainGroup = 8E69EC772CA1C756007AC1F9;
			packageReferences = (
				8E60CC3F2CB51CC000FFD74F /* XCRemoteSwiftPackageReference "SwiftSVG" */,
			);
			productRefGroup = 8E69EC812CA1C756007AC1F9 /* Products */;
			projectDirPath = "";
			projectRoot = "";
			targets = (
				8E69EC7F2CA1C756007AC1F9 /* ExampleWeatherApp */,
			);
		};
/* End PBXProject section */

/* Begin PBXResourcesBuildPhase section */
		8E69EC7E2CA1C756007AC1F9 /* Resources */ = {
			isa = PBXResourcesBuildPhase;
			buildActionMask = 2147483647;
			files = (
				8E69EC8D2CA1C757007AC1F9 /* Assets.xcassets in Resources */,
			);
			runOnlyForDeploymentPostprocessing = 0;
		};
/* End PBXResourcesBuildPhase section */

/* Begin PBXSourcesBuildPhase section */
		8E69EC7C2CA1C756007AC1F9 /* Sources */ = {
			isa = PBXSourcesBuildPhase;
			buildActionMask = 2147483647;
			files = (
<<<<<<< Updated upstream
				8E69EC882CA1C756007AC1F9 /* ViewController.swift in Sources */,
				8E69EC842CA1C756007AC1F9 /* AppDelegate.swift in Sources */,
				8E69EC862CA1C756007AC1F9 /* SceneDelegate.swift in Sources */,
				8E69EC9C2CA1CE18007AC1F9 /* WeatherResponse.swift in Sources */,
=======
				8E60CC3E2CB5035F00FFD74F /* MainScreen.swift in Sources */,
				8E69EC9C2CA1CE18007AC1F9 /* WeatherResponse.swift in Sources */,
				8E60CC432CB520A200FFD74F /* ExampleWeatherApp.swift in Sources */,
>>>>>>> Stashed changes
			);
			runOnlyForDeploymentPostprocessing = 0;
		};
/* End PBXSourcesBuildPhase section */

/* Begin XCBuildConfiguration section */
		8E69EC922CA1C757007AC1F9 /* Debug */ = {
			isa = XCBuildConfiguration;
			buildSettings = {
				ALWAYS_SEARCH_USER_PATHS = NO;
				ASSETCATALOG_COMPILER_GENERATE_SWIFT_ASSET_SYMBOL_EXTENSIONS = YES;
				CLANG_ANALYZER_NONNULL = YES;
				CLANG_ANALYZER_NUMBER_OBJECT_CONVERSION = YES_AGGRESSIVE;
				CLANG_CXX_LANGUAGE_STANDARD = "gnu++20";
				CLANG_ENABLE_MODULES = YES;
				CLANG_ENABLE_OBJC_ARC = YES;
				CLANG_ENABLE_OBJC_WEAK = YES;
				CLANG_WARN_BLOCK_CAPTURE_AUTORELEASING = YES;
				CLANG_WARN_BOOL_CONVERSION = YES;
				CLANG_WARN_COMMA = YES;
				CLANG_WARN_CONSTANT_CONVERSION = YES;
				CLANG_WARN_DEPRECATED_OBJC_IMPLEMENTATIONS = YES;
				CLANG_WARN_DIRECT_OBJC_ISA_USAGE = YES_ERROR;
				CLANG_WARN_DOCUMENTATION_COMMENTS = YES;
				CLANG_WARN_EMPTY_BODY = YES;
				CLANG_WARN_ENUM_CONVERSION = YES;
				CLANG_WARN_INFINITE_RECURSION = YES;
				CLANG_WARN_INT_CONVERSION = YES;
				CLANG_WARN_NON_LITERAL_NULL_CONVERSION = YES;
				CLANG_WARN_OBJC_IMPLICIT_RETAIN_SELF = YES;
				CLANG_WARN_OBJC_LITERAL_CONVERSION = YES;
				CLANG_WARN_OBJC_ROOT_CLASS = YES_ERROR;
				CLANG_WARN_QUOTED_INCLUDE_IN_FRAMEWORK_HEADER = YES;
				CLANG_WARN_RANGE_LOOP_ANALYSIS = YES;
				CLANG_WARN_STRICT_PROTOTYPES = YES;
				CLANG_WARN_SUSPICIOUS_MOVE = YES;
				CLANG_WARN_UNGUARDED_AVAILABILITY = YES_AGGRESSIVE;
				CLANG_WARN_UNREACHABLE_CODE = YES;
				CLANG_WARN__DUPLICATE_METHOD_MATCH = YES;
				COPY_PHASE_STRIP = NO;
				DEBUG_INFORMATION_FORMAT = dwarf;
				ENABLE_STRICT_OBJC_MSGSEND = YES;
				ENABLE_TESTABILITY = YES;
				ENABLE_USER_SCRIPT_SANDBOXING = YES;
				GCC_C_LANGUAGE_STANDARD = gnu17;
				GCC_DYNAMIC_NO_PIC = NO;
				GCC_NO_COMMON_BLOCKS = YES;
				GCC_OPTIMIZATION_LEVEL = 0;
				GCC_PREPROCESSOR_DEFINITIONS = (
					"DEBUG=1",
					"$(inherited)",
				);
				GCC_WARN_64_TO_32_BIT_CONVERSION = YES;
				GCC_WARN_ABOUT_RETURN_TYPE = YES_ERROR;
				GCC_WARN_UNDECLARED_SELECTOR = YES;
				GCC_WARN_UNINITIALIZED_AUTOS = YES_AGGRESSIVE;
				GCC_WARN_UNUSED_FUNCTION = YES;
				GCC_WARN_UNUSED_VARIABLE = YES;
				IPHONEOS_DEPLOYMENT_TARGET = 17.0;
				LOCALIZATION_PREFERS_STRING_CATALOGS = YES;
				MTL_ENABLE_DEBUG_INFO = INCLUDE_SOURCE;
				MTL_FAST_MATH = YES;
				ONLY_ACTIVE_ARCH = YES;
				SDKROOT = iphoneos;
				SWIFT_ACTIVE_COMPILATION_CONDITIONS = "DEBUG $(inherited)";
				SWIFT_OPTIMIZATION_LEVEL = "-Onone";
			};
			name = Debug;
		};
		8E69EC932CA1C757007AC1F9 /* Release */ = {
			isa = XCBuildConfiguration;
			buildSettings = {
				ALWAYS_SEARCH_USER_PATHS = NO;
				ASSETCATALOG_COMPILER_GENERATE_SWIFT_ASSET_SYMBOL_EXTENSIONS = YES;
				CLANG_ANALYZER_NONNULL = YES;
				CLANG_ANALYZER_NUMBER_OBJECT_CONVERSION = YES_AGGRESSIVE;
				CLANG_CXX_LANGUAGE_STANDARD = "gnu++20";
				CLANG_ENABLE_MODULES = YES;
				CLANG_ENABLE_OBJC_ARC = YES;
				CLANG_ENABLE_OBJC_WEAK = YES;
				CLANG_WARN_BLOCK_CAPTURE_AUTORELEASING = YES;
				CLANG_WARN_BOOL_CONVERSION = YES;
				CLANG_WARN_COMMA = YES;
				CLANG_WARN_CONSTANT_CONVERSION = YES;
				CLANG_WARN_DEPRECATED_OBJC_IMPLEMENTATIONS = YES;
				CLANG_WARN_DIRECT_OBJC_ISA_USAGE = YES_ERROR;
				CLANG_WARN_DOCUMENTATION_COMMENTS = YES;
				CLANG_WARN_EMPTY_BODY = YES;
				CLANG_WARN_ENUM_CONVERSION = YES;
				CLANG_WARN_INFINITE_RECURSION = YES;
				CLANG_WARN_INT_CONVERSION = YES;
				CLANG_WARN_NON_LITERAL_NULL_CONVERSION = YES;
				CLANG_WARN_OBJC_IMPLICIT_RETAIN_SELF = YES;
				CLANG_WARN_OBJC_LITERAL_CONVERSION = YES;
				CLANG_WARN_OBJC_ROOT_CLASS = YES_ERROR;
				CLANG_WARN_QUOTED_INCLUDE_IN_FRAMEWORK_HEADER = YES;
				CLANG_WARN_RANGE_LOOP_ANALYSIS = YES;
				CLANG_WARN_STRICT_PROTOTYPES = YES;
				CLANG_WARN_SUSPICIOUS_MOVE = YES;
				CLANG_WARN_UNGUARDED_AVAILABILITY = YES_AGGRESSIVE;
				CLANG_WARN_UNREACHABLE_CODE = YES;
				CLANG_WARN__DUPLICATE_METHOD_MATCH = YES;
				COPY_PHASE_STRIP = NO;
				DEBUG_INFORMATION_FORMAT = "dwarf-with-dsym";
				ENABLE_NS_ASSERTIONS = NO;
				ENABLE_STRICT_OBJC_MSGSEND = YES;
				ENABLE_USER_SCRIPT_SANDBOXING = YES;
				GCC_C_LANGUAGE_STANDARD = gnu17;
				GCC_NO_COMMON_BLOCKS = YES;
				GCC_WARN_64_TO_32_BIT_CONVERSION = YES;
				GCC_WARN_ABOUT_RETURN_TYPE = YES_ERROR;
				GCC_WARN_UNDECLARED_SELECTOR = YES;
				GCC_WARN_UNINITIALIZED_AUTOS = YES_AGGRESSIVE;
				GCC_WARN_UNUSED_FUNCTION = YES;
				GCC_WARN_UNUSED_VARIABLE = YES;
				IPHONEOS_DEPLOYMENT_TARGET = 17.0;
				LOCALIZATION_PREFERS_STRING_CATALOGS = YES;
				MTL_ENABLE_DEBUG_INFO = NO;
				MTL_FAST_MATH = YES;
				SDKROOT = iphoneos;
				SWIFT_COMPILATION_MODE = wholemodule;
				VALIDATE_PRODUCT = YES;
			};
			name = Release;
		};
		8E69EC952CA1C757007AC1F9 /* Debug */ = {
			isa = XCBuildConfiguration;
			buildSettings = {
				ASSETCATALOG_COMPILER_APPICON_NAME = AppIcon;
				ASSETCATALOG_COMPILER_GLOBAL_ACCENT_COLOR_NAME = AccentColor;
				CODE_SIGN_STYLE = Automatic;
				CURRENT_PROJECT_VERSION = 1;
				DEVELOPMENT_TEAM = "";
				GENERATE_INFOPLIST_FILE = YES;
				INFOPLIST_FILE = ExampleWeatherApp/Info.plist;
				INFOPLIST_KEY_UIApplicationSupportsIndirectInputEvents = YES;
				INFOPLIST_KEY_UILaunchStoryboardName = LaunchScreen;
				INFOPLIST_KEY_UIStatusBarStyle = "";
				INFOPLIST_KEY_UISupportedInterfaceOrientations = "UIInterfaceOrientationLandscapeLeft UIInterfaceOrientationLandscapeRight UIInterfaceOrientationPortrait";
				INFOPLIST_KEY_UISupportedInterfaceOrientations_iPad = "UIInterfaceOrientationLandscapeLeft UIInterfaceOrientationLandscapeRight UIInterfaceOrientationPortrait UIInterfaceOrientationPortraitUpsideDown";
				LD_RUNPATH_SEARCH_PATHS = (
					"$(inherited)",
					"@executable_path/Frameworks",
				);
				MARKETING_VERSION = 1.0;
				PRODUCT_BUNDLE_IDENTIFIER = sample.ExampleWeatherApp;
				PRODUCT_NAME = "$(TARGET_NAME)";
				SWIFT_EMIT_LOC_STRINGS = YES;
				SWIFT_VERSION = 5.0;
				TARGETED_DEVICE_FAMILY = "1,2";
			};
			name = Debug;
		};
		8E69EC962CA1C757007AC1F9 /* Release */ = {
			isa = XCBuildConfiguration;
			buildSettings = {
				ASSETCATALOG_COMPILER_APPICON_NAME = AppIcon;
				ASSETCATALOG_COMPILER_GLOBAL_ACCENT_COLOR_NAME = AccentColor;
				CODE_SIGN_STYLE = Automatic;
				CURRENT_PROJECT_VERSION = 1;
				DEVELOPMENT_TEAM = "";
				GENERATE_INFOPLIST_FILE = YES;
				INFOPLIST_FILE = ExampleWeatherApp/Info.plist;
				INFOPLIST_KEY_UIApplicationSupportsIndirectInputEvents = YES;
				INFOPLIST_KEY_UILaunchStoryboardName = LaunchScreen;
				INFOPLIST_KEY_UIStatusBarStyle = "";
				INFOPLIST_KEY_UISupportedInterfaceOrientations = "UIInterfaceOrientationLandscapeLeft UIInterfaceOrientationLandscapeRight UIInterfaceOrientationPortrait";
				INFOPLIST_KEY_UISupportedInterfaceOrientations_iPad = "UIInterfaceOrientationLandscapeLeft UIInterfaceOrientationLandscapeRight UIInterfaceOrientationPortrait UIInterfaceOrientationPortraitUpsideDown";
				LD_RUNPATH_SEARCH_PATHS = (
					"$(inherited)",
					"@executable_path/Frameworks",
				);
				MARKETING_VERSION = 1.0;
				PRODUCT_BUNDLE_IDENTIFIER = sample.ExampleWeatherApp;
				PRODUCT_NAME = "$(TARGET_NAME)";
				SWIFT_EMIT_LOC_STRINGS = YES;
				SWIFT_VERSION = 5.0;
				TARGETED_DEVICE_FAMILY = "1,2";
			};
			name = Release;
		};
/* End XCBuildConfiguration section */

/* Begin XCConfigurationList section */
		8E69EC7B2CA1C756007AC1F9 /* Build configuration list for PBXProject "ExampleWeatherApp" */ = {
			isa = XCConfigurationList;
			buildConfigurations = (
				8E69EC922CA1C757007AC1F9 /* Debug */,
				8E69EC932CA1C757007AC1F9 /* Release */,
			);
			defaultConfigurationIsVisible = 0;
			defaultConfigurationName = Release;
		};
		8E69EC942CA1C757007AC1F9 /* Build configuration list for PBXNativeTarget "ExampleWeatherApp" */ = {
			isa = XCConfigurationList;
			buildConfigurations = (
				8E69EC952CA1C757007AC1F9 /* Debug */,
				8E69EC962CA1C757007AC1F9 /* Release */,
			);
			defaultConfigurationIsVisible = 0;
			defaultConfigurationName = Release;
		};
/* End XCConfigurationList section */

/* Begin XCRemoteSwiftPackageReference section */
		8E60CC3F2CB51CC000FFD74F /* XCRemoteSwiftPackageReference "SwiftSVG" */ = {
			isa = XCRemoteSwiftPackageReference;
			repositoryURL = "https://github.com/mchoe/SwiftSVG.git";
			requirement = {
				branch = master;
				kind = branch;
			};
		};
/* End XCRemoteSwiftPackageReference section */

/* Begin XCSwiftPackageProductDependency section */
		8E60CC402CB51CC000FFD74F /* SwiftSVG */ = {
			isa = XCSwiftPackageProductDependency;
			package = 8E60CC3F2CB51CC000FFD74F /* XCRemoteSwiftPackageReference "SwiftSVG" */;
			productName = SwiftSVG;
		};
/* End XCSwiftPackageProductDependency section */
	};
	rootObject = 8E69EC782CA1C756007AC1F9 /* Project object */;
}
